// !$*UTF8*$!
{
	archiveVersion = 1;
	classes = {
	};
	objectVersion = 50;
	objects = {

/* Begin PBXBuildFile section */
		00628DCDD1D5E4D3CF301B3A /* Pods_SmackChat2.framework in Frameworks */ = {isa = PBXBuildFile; fileRef = 0E01B3FA85D83F164E68A48B /* Pods_SmackChat2.framework */; };
		C9811BE7242F094A0078BB48 /* AppDelegate.swift in Sources */ = {isa = PBXBuildFile; fileRef = C9811BE6242F094A0078BB48 /* AppDelegate.swift */; };
		C9811BEC242F094A0078BB48 /* Main.storyboard in Resources */ = {isa = PBXBuildFile; fileRef = C9811BEA242F094A0078BB48 /* Main.storyboard */; };
		C9811BEE242F094F0078BB48 /* Assets.xcassets in Resources */ = {isa = PBXBuildFile; fileRef = C9811BED242F094F0078BB48 /* Assets.xcassets */; };
		C9811BF1242F094F0078BB48 /* LaunchScreen.storyboard in Resources */ = {isa = PBXBuildFile; fileRef = C9811BEF242F094F0078BB48 /* LaunchScreen.storyboard */; };
		C9811BFB242F09ED0078BB48 /* SWRevealViewController.m in Sources */ = {isa = PBXBuildFile; fileRef = C9811BF9242F09ED0078BB48 /* SWRevealViewController.m */; };
		C9811BFE242F17BB0078BB48 /* ChatVC.swift in Sources */ = {isa = PBXBuildFile; fileRef = C9811BFD242F17BB0078BB48 /* ChatVC.swift */; };
		C9811C00242F17D70078BB48 /* ChannelVC.swift in Sources */ = {isa = PBXBuildFile; fileRef = C9811BFF242F17D70078BB48 /* ChannelVC.swift */; };
/* End PBXBuildFile section */

/* Begin PBXFileReference section */
		0E01B3FA85D83F164E68A48B /* Pods_SmackChat2.framework */ = {isa = PBXFileReference; explicitFileType = wrapper.framework; includeInIndex = 0; path = Pods_SmackChat2.framework; sourceTree = BUILT_PRODUCTS_DIR; };
		62BA026BD493257CE43E6C2B /* Pods-SmackChat2.release.xcconfig */ = {isa = PBXFileReference; includeInIndex = 1; lastKnownFileType = text.xcconfig; name = "Pods-SmackChat2.release.xcconfig"; path = "Pods/Target Support Files/Pods-SmackChat2/Pods-SmackChat2.release.xcconfig"; sourceTree = "<group>"; };
		C9811BE3242F094A0078BB48 /* SmackChat2.app */ = {isa = PBXFileReference; explicitFileType = wrapper.application; includeInIndex = 0; path = SmackChat2.app; sourceTree = BUILT_PRODUCTS_DIR; };
		C9811BE6242F094A0078BB48 /* AppDelegate.swift */ = {isa = PBXFileReference; lastKnownFileType = sourcecode.swift; path = AppDelegate.swift; sourceTree = "<group>"; };
		C9811BEB242F094A0078BB48 /* Base */ = {isa = PBXFileReference; lastKnownFileType = file.storyboard; name = Base; path = Base.lproj/Main.storyboard; sourceTree = "<group>"; };
		C9811BED242F094F0078BB48 /* Assets.xcassets */ = {isa = PBXFileReference; lastKnownFileType = folder.assetcatalog; path = Assets.xcassets; sourceTree = "<group>"; };
		C9811BF0242F094F0078BB48 /* Base */ = {isa = PBXFileReference; lastKnownFileType = file.storyboard; name = Base; path = Base.lproj/LaunchScreen.storyboard; sourceTree = "<group>"; };
		C9811BF2242F094F0078BB48 /* Info.plist */ = {isa = PBXFileReference; lastKnownFileType = text.plist.xml; path = Info.plist; sourceTree = "<group>"; };
		C9811BF8242F09EC0078BB48 /* SmackChat2-Bridging-Header.h */ = {isa = PBXFileReference; lastKnownFileType = sourcecode.c.h; path = "SmackChat2-Bridging-Header.h"; sourceTree = "<group>"; };
		C9811BF9242F09ED0078BB48 /* SWRevealViewController.m */ = {isa = PBXFileReference; fileEncoding = 4; lastKnownFileType = sourcecode.c.objc; path = SWRevealViewController.m; sourceTree = "<group>"; };
		C9811BFA242F09ED0078BB48 /* SWRevealViewController.h */ = {isa = PBXFileReference; fileEncoding = 4; lastKnownFileType = sourcecode.c.h; path = SWRevealViewController.h; sourceTree = "<group>"; };
		C9811BFD242F17BB0078BB48 /* ChatVC.swift */ = {isa = PBXFileReference; lastKnownFileType = sourcecode.swift; path = ChatVC.swift; sourceTree = "<group>"; };
		C9811BFF242F17D70078BB48 /* ChannelVC.swift */ = {isa = PBXFileReference; lastKnownFileType = sourcecode.swift; path = ChannelVC.swift; sourceTree = "<group>"; };
		DFB45D3611DBAA2D7BFF5A04 /* Pods-SmackChat2.debug.xcconfig */ = {isa = PBXFileReference; includeInIndex = 1; lastKnownFileType = text.xcconfig; name = "Pods-SmackChat2.debug.xcconfig"; path = "Pods/Target Support Files/Pods-SmackChat2/Pods-SmackChat2.debug.xcconfig"; sourceTree = "<group>"; };
/* End PBXFileReference section */

/* Begin PBXFrameworksBuildPhase section */
		C9811BE0242F09490078BB48 /* Frameworks */ = {
			isa = PBXFrameworksBuildPhase;
			buildActionMask = 2147483647;
			files = (
				00628DCDD1D5E4D3CF301B3A /* Pods_SmackChat2.framework in Frameworks */,
			);
			runOnlyForDeploymentPostprocessing = 0;
		};
/* End PBXFrameworksBuildPhase section */

/* Begin PBXGroup section */
		3E5A9F9899FFFFC46270E6A2 /* Pods */ = {
			isa = PBXGroup;
			children = (
				DFB45D3611DBAA2D7BFF5A04 /* Pods-SmackChat2.debug.xcconfig */,
				62BA026BD493257CE43E6C2B /* Pods-SmackChat2.release.xcconfig */,
			);
			name = Pods;
			sourceTree = "<group>";
		};
		A6716EE435BA8F58A58D0C69 /* Frameworks */ = {
			isa = PBXGroup;
			children = (
				0E01B3FA85D83F164E68A48B /* Pods_SmackChat2.framework */,
			);
			name = Frameworks;
			sourceTree = "<group>";
		};
		C9811BDA242F09490078BB48 = {
			isa = PBXGroup;
			children = (
				C9811BE5242F094A0078BB48 /* SmackChat2 */,
				C9811BE4242F094A0078BB48 /* Products */,
				3E5A9F9899FFFFC46270E6A2 /* Pods */,
				A6716EE435BA8F58A58D0C69 /* Frameworks */,
			);
			sourceTree = "<group>";
		};
		C9811BE4242F094A0078BB48 /* Products */ = {
			isa = PBXGroup;
			children = (
				C9811BE3242F094A0078BB48 /* SmackChat2.app */,
			);
			name = Products;
			sourceTree = "<group>";
		};
		C9811BE5242F094A0078BB48 /* SmackChat2 */ = {
			isa = PBXGroup;
			children = (
				C9811C01242F17E90078BB48 /* Controller */,
				C9811BFC242F0A520078BB48 /* Supporting Files */,
				C9811BE6242F094A0078BB48 /* AppDelegate.swift */,
				C9811BEA242F094A0078BB48 /* Main.storyboard */,
				C9811BED242F094F0078BB48 /* Assets.xcassets */,
				C9811BEF242F094F0078BB48 /* LaunchScreen.storyboard */,
				C9811BF2242F094F0078BB48 /* Info.plist */,
			);
			path = SmackChat2;
			sourceTree = "<group>";
		};
		C9811BFC242F0A520078BB48 /* Supporting Files */ = {
			isa = PBXGroup;
			children = (
				C9811BFA242F09ED0078BB48 /* SWRevealViewController.h */,
				C9811BF9242F09ED0078BB48 /* SWRevealViewController.m */,
				C9811BF8242F09EC0078BB48 /* SmackChat2-Bridging-Header.h */,
			);
			path = "Supporting Files";
			sourceTree = "<group>";
		};
		C9811C01242F17E90078BB48 /* Controller */ = {
			isa = PBXGroup;
			children = (
				C9811BFD242F17BB0078BB48 /* ChatVC.swift */,
				C9811BFF242F17D70078BB48 /* ChannelVC.swift */,
			);
			path = Controller;
			sourceTree = "<group>";
		};
/* End PBXGroup section */

/* Begin PBXNativeTarget section */
		C9811BE2242F09490078BB48 /* SmackChat2 */ = {
			isa = PBXNativeTarget;
			buildConfigurationList = C9811BF5242F094F0078BB48 /* Build configuration list for PBXNativeTarget "SmackChat2" */;
			buildPhases = (
				C67AE6609C4618C17FF3E3F2 /* [CP] Check Pods Manifest.lock */,
				C9811BDF242F09490078BB48 /* Sources */,
				C9811BE0242F09490078BB48 /* Frameworks */,
				C9811BE1242F09490078BB48 /* Resources */,
				7AB9129AA6630C0E178758B6 /* [CP] Embed Pods Frameworks */,
			);
			buildRules = (
			);
			dependencies = (
			);
			name = SmackChat2;
			productName = SmackChat2;
			productReference = C9811BE3242F094A0078BB48 /* SmackChat2.app */;
			productType = "com.apple.product-type.application";
		};
/* End PBXNativeTarget section */

/* Begin PBXProject section */
		C9811BDB242F09490078BB48 /* Project object */ = {
			isa = PBXProject;
			attributes = {
				LastSwiftUpdateCheck = 1010;
				LastUpgradeCheck = 1010;
				ORGANIZATIONNAME = DeviSons;
				TargetAttributes = {
					C9811BE2242F09490078BB48 = {
						CreatedOnToolsVersion = 10.1;
						LastSwiftMigration = 1010;
					};
				};
			};
			buildConfigurationList = C9811BDE242F09490078BB48 /* Build configuration list for PBXProject "SmackChat2" */;
			compatibilityVersion = "Xcode 9.3";
			developmentRegion = en;
			hasScannedForEncodings = 0;
			knownRegions = (
				en,
				Base,
			);
			mainGroup = C9811BDA242F09490078BB48;
			productRefGroup = C9811BE4242F094A0078BB48 /* Products */;
			projectDirPath = "";
			projectRoot = "";
			targets = (
				C9811BE2242F09490078BB48 /* SmackChat2 */,
			);
		};
/* End PBXProject section */

/* Begin PBXResourcesBuildPhase section */
		C9811BE1242F09490078BB48 /* Resources */ = {
			isa = PBXResourcesBuildPhase;
			buildActionMask = 2147483647;
			files = (
				C9811BF1242F094F0078BB48 /* LaunchScreen.storyboard in Resources */,
				C9811BEE242F094F0078BB48 /* Assets.xcassets in Resources */,
				C9811BEC242F094A0078BB48 /* Main.storyboard in Resources */,
			);
			runOnlyForDeploymentPostprocessing = 0;
		};
/* End PBXResourcesBuildPhase section */

/* Begin PBXShellScriptBuildPhase section */
		7AB9129AA6630C0E178758B6 /* [CP] Embed Pods Frameworks */ = {
			isa = PBXShellScriptBuildPhase;
			buildActionMask = 2147483647;
			files = (
			);
			inputPaths = (
				"${SRCROOT}/Pods/Target Support Files/Pods-SmackChat2/Pods-SmackChat2-frameworks.sh",
				"${BUILT_PRODUCTS_DIR}/Alamofire/Alamofire.framework",
				"${BUILT_PRODUCTS_DIR}/Socket.IO-Client-Swift/SocketIO.framework",
				"${BUILT_PRODUCTS_DIR}/Starscream/Starscream.framework",
				"${BUILT_PRODUCTS_DIR}/SwiftyJSON/SwiftyJSON.framework",
			);
			name = "[CP] Embed Pods Frameworks";
			outputPaths = (
				"${TARGET_BUILD_DIR}/${FRAMEWORKS_FOLDER_PATH}/Alamofire.framework",
				"${TARGET_BUILD_DIR}/${FRAMEWORKS_FOLDER_PATH}/SocketIO.framework",
				"${TARGET_BUILD_DIR}/${FRAMEWORKS_FOLDER_PATH}/Starscream.framework",
				"${TARGET_BUILD_DIR}/${FRAMEWORKS_FOLDER_PATH}/SwiftyJSON.framework",
			);
			runOnlyForDeploymentPostprocessing = 0;
			shellPath = /bin/sh;
			shellScript = "\"${SRCROOT}/Pods/Target Support Files/Pods-SmackChat2/Pods-SmackChat2-frameworks.sh\"\n";
			showEnvVarsInLog = 0;
		};
		C67AE6609C4618C17FF3E3F2 /* [CP] Check Pods Manifest.lock */ = {
			isa = PBXShellScriptBuildPhase;
			buildActionMask = 2147483647;
			files = (
			);
			inputPaths = (
				"${PODS_PODFILE_DIR_PATH}/Podfile.lock",
				"${PODS_ROOT}/Manifest.lock",
			);
			name = "[CP] Check Pods Manifest.lock";
			outputPaths = (
				"$(DERIVED_FILE_DIR)/Pods-SmackChat2-checkManifestLockResult.txt",
			);
			runOnlyForDeploymentPostprocessing = 0;
			shellPath = /bin/sh;
			shellScript = "diff \"${PODS_PODFILE_DIR_PATH}/Podfile.lock\" \"${PODS_ROOT}/Manifest.lock\" > /dev/null\nif [ $? != 0 ] ; then\n    # print error to STDERR\n    echo \"error: The sandbox is not in sync with the Podfile.lock. Run 'pod install' or update your CocoaPods installation.\" >&2\n    exit 1\nfi\n# This output is used by Xcode 'outputs' to avoid re-running this script phase.\necho \"SUCCESS\" > \"${SCRIPT_OUTPUT_FILE_0}\"\n";
			showEnvVarsInLog = 0;
		};
/* End PBXShellScriptBuildPhase section */

/* Begin PBXSourcesBuildPhase section */
		C9811BDF242F09490078BB48 /* Sources */ = {
			isa = PBXSourcesBuildPhase;
			buildActionMask = 2147483647;
			files = (
				C9811C00242F17D70078BB48 /* ChannelVC.swift in Sources */,
				C9811BFE242F17BB0078BB48 /* ChatVC.swift in Sources */,
				C9811BE7242F094A0078BB48 /* AppDelegate.swift in Sources */,
				C9811BFB242F09ED0078BB48 /* SWRevealViewController.m in Sources */,
			);
			runOnlyForDeploymentPostprocessing = 0;
		};
/* End PBXSourcesBuildPhase section */

/* Begin PBXVariantGroup section */
		C9811BEA242F094A0078BB48 /* Main.storyboard */ = {
			isa = PBXVariantGroup;
			children = (
				C9811BEB242F094A0078BB48 /* Base */,
			);
			name = Main.storyboard;
			sourceTree = "<group>";
		};
		C9811BEF242F094F0078BB48 /* LaunchScreen.storyboard */ = {
			isa = PBXVariantGroup;
			children = (
				C9811BF0242F094F0078BB48 /* Base */,
			);
			name = LaunchScreen.storyboard;
			sourceTree = "<group>";
		};
/* End PBXVariantGroup section */

/* Begin XCBuildConfiguration section */
		C9811BF3242F094F0078BB48 /* Debug */ = {
			isa = XCBuildConfiguration;
			buildSettings = {
				ALWAYS_SEARCH_USER_PATHS = NO;
				CLANG_ANALYZER_NONNULL = YES;
				CLANG_ANALYZER_NUMBER_OBJECT_CONVERSION = YES_AGGRESSIVE;
				CLANG_CXX_LANGUAGE_STANDARD = "gnu++14";
				CLANG_CXX_LIBRARY = "libc++";
				CLANG_ENABLE_MODULES = YES;
				CLANG_ENABLE_OBJC_ARC = YES;
				CLANG_ENABLE_OBJC_WEAK = YES;
				CLANG_WARN_BLOCK_CAPTURE_AUTORELEASING = YES;
				CLANG_WARN_BOOL_CONVERSION = YES;
				CLANG_WARN_COMMA = YES;
				CLANG_WARN_CONSTANT_CONVERSION = YES;
				CLANG_WARN_DEPRECATED_OBJC_IMPLEMENTATIONS = YES;
				CLANG_WARN_DIRECT_OBJC_ISA_USAGE = YES_ERROR;
				CLANG_WARN_DOCUMENTATION_COMMENTS = YES;
				CLANG_WARN_EMPTY_BODY = YES;
				CLANG_WARN_ENUM_CONVERSION = YES;
				CLANG_WARN_INFINITE_RECURSION = YES;
				CLANG_WARN_INT_CONVERSION = YES;
				CLANG_WARN_NON_LITERAL_NULL_CONVERSION = YES;
				CLANG_WARN_OBJC_IMPLICIT_RETAIN_SELF = YES;
				CLANG_WARN_OBJC_LITERAL_CONVERSION = YES;
				CLANG_WARN_OBJC_ROOT_CLASS = YES_ERROR;
				CLANG_WARN_RANGE_LOOP_ANALYSIS = YES;
				CLANG_WARN_STRICT_PROTOTYPES = YES;
				CLANG_WARN_SUSPICIOUS_MOVE = YES;
				CLANG_WARN_UNGUARDED_AVAILABILITY = YES_AGGRESSIVE;
				CLANG_WARN_UNREACHABLE_CODE = YES;
				CLANG_WARN__DUPLICATE_METHOD_MATCH = YES;
				CODE_SIGN_IDENTITY = "iPhone Developer";
				COPY_PHASE_STRIP = NO;
				DEBUG_INFORMATION_FORMAT = dwarf;
				ENABLE_STRICT_OBJC_MSGSEND = YES;
				ENABLE_TESTABILITY = YES;
				GCC_C_LANGUAGE_STANDARD = gnu11;
				GCC_DYNAMIC_NO_PIC = NO;
				GCC_NO_COMMON_BLOCKS = YES;
				GCC_OPTIMIZATION_LEVEL = 0;
				GCC_PREPROCESSOR_DEFINITIONS = (
					"DEBUG=1",
					"$(inherited)",
				);
				GCC_WARN_64_TO_32_BIT_CONVERSION = YES;
				GCC_WARN_ABOUT_RETURN_TYPE = YES_ERROR;
				GCC_WARN_UNDECLARED_SELECTOR = YES;
				GCC_WARN_UNINITIALIZED_AUTOS = YES_AGGRESSIVE;
				GCC_WARN_UNUSED_FUNCTION = YES;
				GCC_WARN_UNUSED_VARIABLE = YES;
				IPHONEOS_DEPLOYMENT_TARGET = 12.1;
				MTL_ENABLE_DEBUG_INFO = INCLUDE_SOURCE;
				MTL_FAST_MATH = YES;
				ONLY_ACTIVE_ARCH = YES;
				SDKROOT = iphoneos;
				SWIFT_ACTIVE_COMPILATION_CONDITIONS = DEBUG;
				SWIFT_OPTIMIZATION_LEVEL = "-Onone";
			};
			name = Debug;
		};
		C9811BF4242F094F0078BB48 /* Release */ = {
			isa = XCBuildConfiguration;
			buildSettings = {
				ALWAYS_SEARCH_USER_PATHS = NO;
				CLANG_ANALYZER_NONNULL = YES;
				CLANG_ANALYZER_NUMBER_OBJECT_CONVERSION = YES_AGGRESSIVE;
				CLANG_CXX_LANGUAGE_STANDARD = "gnu++14";
				CLANG_CXX_LIBRARY = "libc++";
				CLANG_ENABLE_MODULES = YES;
				CLANG_ENABLE_OBJC_ARC = YES;
				CLANG_ENABLE_OBJC_WEAK = YES;
				CLANG_WARN_BLOCK_CAPTURE_AUTORELEASING = YES;
				CLANG_WARN_BOOL_CONVERSION = YES;
				CLANG_WARN_COMMA = YES;
				CLANG_WARN_CONSTANT_CONVERSION = YES;
				CLANG_WARN_DEPRECATED_OBJC_IMPLEMENTATIONS = YES;
				CLANG_WARN_DIRECT_OBJC_ISA_USAGE = YES_ERROR;
				CLANG_WARN_DOCUMENTATION_COMMENTS = YES;
				CLANG_WARN_EMPTY_BODY = YES;
				CLANG_WARN_ENUM_CONVERSION = YES;
				CLANG_WARN_INFINITE_RECURSION = YES;
				CLANG_WARN_INT_CONVERSION = YES;
				CLANG_WARN_NON_LITERAL_NULL_CONVERSION = YES;
				CLANG_WARN_OBJC_IMPLICIT_RETAIN_SELF = YES;
				CLANG_WARN_OBJC_LITERAL_CONVERSION = YES;
				CLANG_WARN_OBJC_ROOT_CLASS = YES_ERROR;
				CLANG_WARN_RANGE_LOOP_ANALYSIS = YES;
				CLANG_WARN_STRICT_PROTOTYPES = YES;
				CLANG_WARN_SUSPICIOUS_MOVE = YES;
				CLANG_WARN_UNGUARDED_AVAILABILITY = YES_AGGRESSIVE;
				CLANG_WARN_UNREACHABLE_CODE = YES;
				CLANG_WARN__DUPLICATE_METHOD_MATCH = YES;
				CODE_SIGN_IDENTITY = "iPhone Developer";
				COPY_PHASE_STRIP = NO;
				DEBUG_INFORMATION_FORMAT = "dwarf-with-dsym";
				ENABLE_NS_ASSERTIONS = NO;
				ENABLE_STRICT_OBJC_MSGSEND = YES;
				GCC_C_LANGUAGE_STANDARD = gnu11;
				GCC_NO_COMMON_BLOCKS = YES;
				GCC_WARN_64_TO_32_BIT_CONVERSION = YES;
				GCC_WARN_ABOUT_RETURN_TYPE = YES_ERROR;
				GCC_WARN_UNDECLARED_SELECTOR = YES;
				GCC_WARN_UNINITIALIZED_AUTOS = YES_AGGRESSIVE;
				GCC_WARN_UNUSED_FUNCTION = YES;
				GCC_WARN_UNUSED_VARIABLE = YES;
				IPHONEOS_DEPLOYMENT_TARGET = 12.1;
				MTL_ENABLE_DEBUG_INFO = NO;
				MTL_FAST_MATH = YES;
				SDKROOT = iphoneos;
				SWIFT_COMPILATION_MODE = wholemodule;
				SWIFT_OPTIMIZATION_LEVEL = "-O";
				VALIDATE_PRODUCT = YES;
			};
			name = Release;
		};
		C9811BF6242F094F0078BB48 /* Debug */ = {
			isa = XCBuildConfiguration;
			baseConfigurationReference = DFB45D3611DBAA2D7BFF5A04 /* Pods-SmackChat2.debug.xcconfig */;
			buildSettings = {
				ASSETCATALOG_COMPILER_APPICON_NAME = AppIcon;
				CLANG_ENABLE_MODULES = YES;
				CODE_SIGN_STYLE = Automatic;
				INFOPLIST_FILE = SmackChat2/Info.plist;
				LD_RUNPATH_SEARCH_PATHS = (
					"$(inherited)",
					"@executable_path/Frameworks",
				);
				PRODUCT_BUNDLE_IDENTIFIER = com.DeviSons.SmackChat2;
				PRODUCT_NAME = "$(TARGET_NAME)";
				SWIFT_OBJC_BRIDGING_HEADER = "SmackChat2/SmackChat2-Bridging-Header.h";
				SWIFT_OPTIMIZATION_LEVEL = "-Onone";
				SWIFT_VERSION = 4.2;
				TARGETED_DEVICE_FAMILY = "1,2";
			};
			name = Debug;
		};
		C9811BF7242F094F0078BB48 /* Release */ = {
			isa = XCBuildConfiguration;
			baseConfigurationReference = 62BA026BD493257CE43E6C2B /* Pods-SmackChat2.release.xcconfig */;
			buildSettings = {
				ASSETCATALOG_COMPILER_APPICON_NAME = AppIcon;
				CLANG_ENABLE_MODULES = YES;
				CODE_SIGN_STYLE = Automatic;
				INFOPLIST_FILE = SmackChat2/Info.plist;
				LD_RUNPATH_SEARCH_PATHS = (
					"$(inherited)",
					"@executable_path/Frameworks",
				);
				PRODUCT_BUNDLE_IDENTIFIER = com.DeviSons.SmackChat2;
				PRODUCT_NAME = "$(TARGET_NAME)";
				SWIFT_OBJC_BRIDGING_HEADER = "SmackChat2/SmackChat2-Bridging-Header.h";
				SWIFT_VERSION = 4.2;
				TARGETED_DEVICE_FAMILY = "1,2";
			};
			name = Release;
		};
/* End XCBuildConfiguration section */

/* Begin XCConfigurationList section */
		C9811BDE242F09490078BB48 /* Build configuration list for PBXProject "SmackChat2" */ = {
			isa = XCConfigurationList;
			buildConfigurations = (
				C9811BF3242F094F0078BB48 /* Debug */,
				C9811BF4242F094F0078BB48 /* Release */,
			);
			defaultConfigurationIsVisible = 0;
			defaultConfigurationName = Release;
		};
		C9811BF5242F094F0078BB48 /* Build configuration list for PBXNativeTarget "SmackChat2" */ = {
			isa = XCConfigurationList;
			buildConfigurations = (
				C9811BF6242F094F0078BB48 /* Debug */,
				C9811BF7242F094F0078BB48 /* Release */,
			);
			defaultConfigurationIsVisible = 0;
			defaultConfigurationName = Release;
		};
/* End XCConfigurationList section */
	};
	rootObject = C9811BDB242F09490078BB48 /* Project object */;
}
